<Solution>
  <Folder Name="/Microservicios/">
    <Project Path="CarritoService/CarritoService.csproj" Id="ae7bcb74-f364-4680-bc28-dd0c89dacdae" />
  </Folder>
  <Project Path="Aplicacion/Aplicacion.csproj" Id="44b276d7-b030-46a1-8e20-d9e7dd1603d4" />
  <Project Path="Dominio/Dominio.csproj" Id="ffa831bc-49fa-4f51-ba85-da2055875f74" />
  <Project Path="Infraestructura/Infraestructura.csproj" Id="735a53d2-aa67-4790-871a-e689be12c792" />
  <Project Path="Presentacion/Presentacion.csproj" Id="590f3410-7de6-43b5-b382-6cecbf57d913" />
</Solution>
